<?xml version="1.0" encoding="utf-8"?>
<Project ToolsVersion="4.0" xmlns="http://schemas.microsoft.com/developer/msbuild/2003">
  <ItemGroup>
    <Filter Include="Enemies">
      <UniqueIdentifier>{bbef18f8-c2f2-477b-b070-e7b0cfef0bca}</UniqueIdentifier>
    </Filter>
    <Filter Include="Enemies\Skeleton">
      <UniqueIdentifier>{1afde48f-14ee-4042-9cba-ccc6ec6d2e14}</UniqueIdentifier>
    </Filter>
    <Filter Include="Enemies\Slime">
      <UniqueIdentifier>{aa0ef63a-bd61-446e-9c3d-9561f1351991}</UniqueIdentifier>
    </Filter>
    <Filter Include="Player">
      <UniqueIdentifier>{408cae1d-ede3-49c0-bfbe-96e901846304}</UniqueIdentifier>
    </Filter>
    <Filter Include="Chest">
      <UniqueIdentifier>{828f91be-3be1-46b0-b748-ac6433ad8227}</UniqueIdentifier>
    </Filter>
    <Filter Include="Game">
      <UniqueIdentifier>{daf7fdc5-9702-469b-be99-12d33d7e11a8}</UniqueIdentifier>
    </Filter>
    <Filter Include="GUI">
      <UniqueIdentifier>{ce2ef2a6-3218-49b9-96db-d0d9fc9dbaf3}</UniqueIdentifier>
    </Filter>
    <Filter Include="Tile">
      <UniqueIdentifier>{53f606eb-f818-444b-9cc5-44f3cb7686a9}</UniqueIdentifier>
    </Filter>
    <Filter Include="ResourceManager">
      <UniqueIdentifier>{090bd542-d64d-4882-b644-75e32594bee3}</UniqueIdentifier>
    </Filter>
    <Filter Include="Weapons">
      <UniqueIdentifier>{22e77a02-d679-4fb7-9cc0-57569b359e90}</UniqueIdentifier>
    </Filter>
  </ItemGroup>
  <ItemGroup>
    <ClCompile Include="Skeleton.cpp">
      <Filter>Enemies\Skeleton</Filter>
    </ClCompile>
    <ClCompile Include="Slime.cpp">
      <Filter>Enemies\Slime</Filter>
    </ClCompile>
    <ClCompile Include="Player.cpp">
      <Filter>Player</Filter>
    </ClCompile>
    <ClCompile Include="Game.cpp">
      <Filter>Game</Filter>
    </ClCompile>
    <ClCompile Include="GUI.cpp">
      <Filter>GUI</Filter>
    </ClCompile>
    <ClCompile Include="Tile.cpp">
      <Filter>Tile</Filter>
    </ClCompile>
    <ClCompile Include="main.cpp">
      <Filter>Game</Filter>
    </ClCompile>
    <ClCompile Include="ResourceManager.cpp">
      <Filter>ResourceManager</Filter>
    </ClCompile>
    <ClCompile Include="Sword.cpp">
      <Filter>Weapons</Filter>
    </ClCompile>
    <ClCompile Include="Chest.cpp">
      <Filter>Chest</Filter>
    </ClCompile>
  </ItemGroup>
  <ItemGroup>
    <ClInclude Include="Skeleton.h">
      <Filter>Enemies\Skeleton</Filter>
    </ClInclude>
    <ClInclude Include="Slime.h">
      <Filter>Enemies\Slime</Filter>
    </ClInclude>
    <ClInclude Include="Player.h">
      <Filter>Player</Filter>
    </ClInclude>
    <ClInclude Include="Game.h">
      <Filter>Game</Filter>
    </ClInclude>
    <ClInclude Include="GUI.h">
      <Filter>GUI</Filter>
    </ClInclude>
    <ClInclude Include="Tile.h">
      <Filter>Tile</Filter>
    </ClInclude>
    <ClInclude Include="ResourceManager.h">
      <Filter>ResourceManager</Filter>
    </ClInclude>
    <ClInclude Include="Common.h">
      <Filter>Game</Filter>
    </ClInclude>
    <ClInclude Include="Sword.h">
      <Filter>Weapons</Filter>
    </ClInclude>
    <ClInclude Include="Chest.h">
      <Filter>Chest</Filter>
    </ClInclude>
  </ItemGroup>
</Project>